
Microsoft Visual Studio Solution File, Format Version 12.00
# Visual Studio 15
VisualStudioVersion = 15.0.28010.2026
MinimumVisualStudioVersion = 10.0.40219.1
Project("{FAE04EC0-301F-11D3-BF4B-00C04F79EFBC}") = "J_M1", "J_M1\J_M1.csproj", "{CBE31C15-458F-4F74-AC6E-A95FC4F6C9FC}"
EndProject
Global
	GlobalSection(SolutionConfigurationPlatforms) = preSolution
		Debug|Any CPU = Debug|Any CPU
		Release|Any CPU = Release|Any CPU
	EndGlobalSection
	GlobalSection(ProjectConfigurationPlatforms) = postSolution
		{CBE31C15-458F-4F74-AC6E-A95FC4F6C9FC}.Debug|Any CPU.ActiveCfg = Debug|Any CPU
		{CBE31C15-458F-4F74-AC6E-A95FC4F6C9FC}.Debug|Any CPU.Build.0 = Debug|Any CPU
		{CBE31C15-458F-4F74-AC6E-A95FC4F6C9FC}.Release|Any CPU.ActiveCfg = Release|Any CPU
		{CBE31C15-458F-4F74-AC6E-A95FC4F6C9FC}.Release|Any CPU.Build.0 = Release|Any CPU
	EndGlobalSection
	GlobalSection(SolutionProperties) = preSolution
		HideSolutionNode = FALSE
	EndGlobalSection
	GlobalSection(ExtensibilityGlobals) = postSolution
		SolutionGuid = {95A31177-0B71-4264-92AE-A1AFBB21DFBC}
	EndGlobalSection
EndGlobal
